{
  "requires": true,
  "lockfileVersion": 1,
  "dependencies": {
    "agora-extension-ai-denoiser": {
      "version": "1.0.0-beta2",
      "resolved": "https://registry.npmjs.org/agora-extension-ai-denoiser/-/agora-extension-ai-denoiser-1.0.0-beta2.tgz",
      "integrity": "sha512-aCob7mIJEhOEYu2WDu/fnc/Vs2bZi+tP/iYe/buhWSZk7RVwOBaIzoY3IzNfWIY4D28r//Q4+v8yqZu48sBLkg=="
    }
  }
}
